
Microsoft Visual Studio Solution File, Format Version 12.00
# Visual Studio Version 16
VisualStudioVersion = 16.0.31410.357
MinimumVisualStudioVersion = 10.0.40219.1
Project("{2150E333-8FDC-42A3-9474-1A3956D46DE8}") = "WebApps", "WebApps", "{EE8D21C2-BE0B-426F-A4C9-D1E001B2FCC7}"
EndProject
Project("{2150E333-8FDC-42A3-9474-1A3956D46DE8}") = "Installer", "Installer", "{23510FDC-9BD0-4176-BF26-0F41925BCB47}"
EndProject
Project("{FAE04EC0-301F-11D3-BF4B-00C04F79EFBC}") = "NoobClearingAdminApp", "AdminApp\NoobClearingAdminApp.csproj", "{A85D1AE6-4A49-4197-BFA6-0A92002898D9}"
EndProject
Project("{FAE04EC0-301F-11D3-BF4B-00C04F79EFBC}") = "NoobClearingClientApp", "ClientApp\NoobClearingClientApp.csproj", "{474D5160-02A8-4ABE-8F23-9A6DF359FD1D}"
EndProject
Project("{FAE04EC0-301F-11D3-BF4B-00C04F79EFBC}") = "NoobClearingLogicBase", "LogicBase\NoobClearingLogicBase.csproj", "{52BC8A70-F547-44F1-AB0E-2304FA9EC99E}"
EndProject
Project("{54435603-DBB4-11D2-8724-00A0C9A8B90C}") = "NoobClearingPluginSetup", "NoobClearingPluginSetup\NoobClearingPluginSetup.vdproj", "{DC830588-2C2B-44CE-B4EF-68EB11CCB245}"
EndProject
Project("{FAE04EC0-301F-11D3-BF4B-00C04F79EFBC}") = "CustomAction", "CustomAction\CustomAction.csproj", "{83751811-C72B-4258-99AB-2F76E78F64BE}"
EndProject
Project("{FAE04EC0-301F-11D3-BF4B-00C04F79EFBC}") = "uStoreInstallerCommonLogic", "ustoreinstallercommonlogic\uStoreInstallerCommonLogic\uStoreInstallerCommonLogic.csproj", "{9BBFA5ED-A62F-407B-BC20-92468C49E98F}"
EndProject
Global
	GlobalSection(SolutionConfigurationPlatforms) = preSolution
		Debug|Any CPU = Debug|Any CPU
		Release|Any CPU = Release|Any CPU
		Trace|Any CPU = Trace|Any CPU
	EndGlobalSection
	GlobalSection(ProjectConfigurationPlatforms) = postSolution
		{A85D1AE6-4A49-4197-BFA6-0A92002898D9}.Debug|Any CPU.ActiveCfg = Debug|Any CPU
		{A85D1AE6-4A49-4197-BFA6-0A92002898D9}.Debug|Any CPU.Build.0 = Debug|Any CPU
		{A85D1AE6-4A49-4197-BFA6-0A92002898D9}.Release|Any CPU.ActiveCfg = Release|Any CPU
		{A85D1AE6-4A49-4197-BFA6-0A92002898D9}.Release|Any CPU.Build.0 = Release|Any CPU
		{A85D1AE6-4A49-4197-BFA6-0A92002898D9}.Trace|Any CPU.ActiveCfg = Release|Any CPU
		{A85D1AE6-4A49-4197-BFA6-0A92002898D9}.Trace|Any CPU.Build.0 = Release|Any CPU
		{474D5160-02A8-4ABE-8F23-9A6DF359FD1D}.Debug|Any CPU.ActiveCfg = Debug|Any CPU
		{474D5160-02A8-4ABE-8F23-9A6DF359FD1D}.Debug|Any CPU.Build.0 = Debug|Any CPU
		{474D5160-02A8-4ABE-8F23-9A6DF359FD1D}.Release|Any CPU.ActiveCfg = Release|Any CPU
		{474D5160-02A8-4ABE-8F23-9A6DF359FD1D}.Release|Any CPU.Build.0 = Release|Any CPU
		{474D5160-02A8-4ABE-8F23-9A6DF359FD1D}.Trace|Any CPU.ActiveCfg = Release|Any CPU
		{474D5160-02A8-4ABE-8F23-9A6DF359FD1D}.Trace|Any CPU.Build.0 = Release|Any CPU
		{52BC8A70-F547-44F1-AB0E-2304FA9EC99E}.Debug|Any CPU.ActiveCfg = Debug|Any CPU
		{52BC8A70-F547-44F1-AB0E-2304FA9EC99E}.Debug|Any CPU.Build.0 = Debug|Any CPU
		{52BC8A70-F547-44F1-AB0E-2304FA9EC99E}.Release|Any CPU.ActiveCfg = Release|Any CPU
		{52BC8A70-F547-44F1-AB0E-2304FA9EC99E}.Release|Any CPU.Build.0 = Release|Any CPU
		{52BC8A70-F547-44F1-AB0E-2304FA9EC99E}.Trace|Any CPU.ActiveCfg = Release|Any CPU
		{52BC8A70-F547-44F1-AB0E-2304FA9EC99E}.Trace|Any CPU.Build.0 = Release|Any CPU
		{DC830588-2C2B-44CE-B4EF-68EB11CCB245}.Debug|Any CPU.ActiveCfg = Debug
		{DC830588-2C2B-44CE-B4EF-68EB11CCB245}.Release|Any CPU.ActiveCfg = Release
		{DC830588-2C2B-44CE-B4EF-68EB11CCB245}.Trace|Any CPU.ActiveCfg = Release
		{DC830588-2C2B-44CE-B4EF-68EB11CCB245}.Trace|Any CPU.Build.0 = Release
		{83751811-C72B-4258-99AB-2F76E78F64BE}.Debug|Any CPU.ActiveCfg = Debug|Any CPU
		{83751811-C72B-4258-99AB-2F76E78F64BE}.Debug|Any CPU.Build.0 = Debug|Any CPU
		{83751811-C72B-4258-99AB-2F76E78F64BE}.Release|Any CPU.ActiveCfg = Release|Any CPU
		{83751811-C72B-4258-99AB-2F76E78F64BE}.Release|Any CPU.Build.0 = Release|Any CPU
		{83751811-C72B-4258-99AB-2F76E78F64BE}.Trace|Any CPU.ActiveCfg = Release|Any CPU
		{83751811-C72B-4258-99AB-2F76E78F64BE}.Trace|Any CPU.Build.0 = Release|Any CPU
		{9BBFA5ED-A62F-407B-BC20-92468C49E98F}.Debug|Any CPU.ActiveCfg = Debug|Any CPU
		{9BBFA5ED-A62F-407B-BC20-92468C49E98F}.Debug|Any CPU.Build.0 = Debug|Any CPU
		{9BBFA5ED-A62F-407B-BC20-92468C49E98F}.Release|Any CPU.ActiveCfg = Release|Any CPU
		{9BBFA5ED-A62F-407B-BC20-92468C49E98F}.Release|Any CPU.Build.0 = Release|Any CPU
		{9BBFA5ED-A62F-407B-BC20-92468C49E98F}.Trace|Any CPU.ActiveCfg = Trace|Any CPU
		{9BBFA5ED-A62F-407B-BC20-92468C49E98F}.Trace|Any CPU.Build.0 = Trace|Any CPU
	EndGlobalSection
	GlobalSection(SolutionProperties) = preSolution
		HideSolutionNode = FALSE
	EndGlobalSection
	GlobalSection(NestedProjects) = preSolution
		{A85D1AE6-4A49-4197-BFA6-0A92002898D9} = {EE8D21C2-BE0B-426F-A4C9-D1E001B2FCC7}
		{474D5160-02A8-4ABE-8F23-9A6DF359FD1D} = {EE8D21C2-BE0B-426F-A4C9-D1E001B2FCC7}
		{52BC8A70-F547-44F1-AB0E-2304FA9EC99E} = {EE8D21C2-BE0B-426F-A4C9-D1E001B2FCC7}
		{DC830588-2C2B-44CE-B4EF-68EB11CCB245} = {23510FDC-9BD0-4176-BF26-0F41925BCB47}
		{83751811-C72B-4258-99AB-2F76E78F64BE} = {23510FDC-9BD0-4176-BF26-0F41925BCB47}
		{9BBFA5ED-A62F-407B-BC20-92468C49E98F} = {23510FDC-9BD0-4176-BF26-0F41925BCB47}
	EndGlobalSection
	GlobalSection(ExtensibilityGlobals) = postSolution
		SolutionGuid = {D96029FD-095D-4002-9CA1-A21E504B0C44}
	EndGlobalSection
EndGlobal
